// !$*UTF8*$!
{
	archiveVersion = 1;
	classes = {
	};
	objectVersion = 48;
	objects = {

/* Begin PBXBuildFile section */
		63F7125FA510D1A4974AFE01 /* Pods_leafTests.framework in Frameworks */ = {isa = PBXBuildFile; fileRef = A7CA5005C5DE3831FDAE889B /* Pods_leafTests.framework */; };
		C43232A2596356E3DDEFE3CE /* Pods_leafUITests.framework in Frameworks */ = {isa = PBXBuildFile; fileRef = 5951AB2FE906E5FD80192464 /* Pods_leafUITests.framework */; };
		D32209EC2075AEC100FC5D93 /* Services.swift in Sources */ = {isa = PBXBuildFile; fileRef = D32209EB2075AEC100FC5D93 /* Services.swift */; };
		D32209FB2075CA2300FC5D93 /* LeafLogger.swift in Sources */ = {isa = PBXBuildFile; fileRef = D32209FA2075CA2300FC5D93 /* LeafLogger.swift */; };
		D3220A232075CB2000FC5D93 /* STLogging.framework in Frameworks */ = {isa = PBXBuildFile; fileRef = D3220A222075CB2000FC5D93 /* STLogging.framework */; };
		D3220A252075CB2000FC5D93 /* STLogging.framework in Embed Frameworks */ = {isa = PBXBuildFile; fileRef = D3220A222075CB2000FC5D93 /* STLogging.framework */; settings = {ATTRIBUTES = (CodeSignOnCopy, RemoveHeadersOnCopy, ); }; };
		D38589D6202A1BDF00E8BE12 /* Leaf.swift in Sources */ = {isa = PBXBuildFile; fileRef = D38589D5202A1BDF00E8BE12 /* Leaf.swift */; };
		D38589D8202A1C4B00E8BE12 /* CoreLocation.framework in Frameworks */ = {isa = PBXBuildFile; fileRef = D38589D7202A1C4B00E8BE12 /* CoreLocation.framework */; };
		D38589DA202A1C7A00E8BE12 /* User.swift in Sources */ = {isa = PBXBuildFile; fileRef = D38589D9202A1C7A00E8BE12 /* User.swift */; };
		D38589DC202A31D200E8BE12 /* AppState.swift in Sources */ = {isa = PBXBuildFile; fileRef = D38589DB202A31D200E8BE12 /* AppState.swift */; };
		D38589F1202A34DC00E8BE12 /* AppReducers.swift in Sources */ = {isa = PBXBuildFile; fileRef = D38589F0202A34DC00E8BE12 /* AppReducers.swift */; };
		D38589F4202A350D00E8BE12 /* AuthActions.swift in Sources */ = {isa = PBXBuildFile; fileRef = D38589F3202A350D00E8BE12 /* AuthActions.swift */; };
		D38589F8202AA2A300E8BE12 /* LaunchScreen.storyboard in Resources */ = {isa = PBXBuildFile; fileRef = D38589F7202AA2A300E8BE12 /* LaunchScreen.storyboard */; };
		D38589FE202AC2CD00E8BE12 /* .gitignore in Resources */ = {isa = PBXBuildFile; fileRef = D38589FD202AC2CD00E8BE12 /* .gitignore */; };
		D3858A00202AC49F00E8BE12 /* README.md in Resources */ = {isa = PBXBuildFile; fileRef = D38589FF202AC49F00E8BE12 /* README.md */; };
		D3858A03202ACF0100E8BE12 /* .swiftlint.yml in Resources */ = {isa = PBXBuildFile; fileRef = D3858A02202ACF0100E8BE12 /* .swiftlint.yml */; };
		D3CF6B22202A0C14009F0CE2 /* AppDelegate.swift in Sources */ = {isa = PBXBuildFile; fileRef = D3CF6B21202A0C14009F0CE2 /* AppDelegate.swift */; };
		D3CF6B24202A0C14009F0CE2 /* MainViewController.swift in Sources */ = {isa = PBXBuildFile; fileRef = D3CF6B23202A0C14009F0CE2 /* MainViewController.swift */; };
		D3CF6B29202A0C14009F0CE2 /* Assets.xcassets in Resources */ = {isa = PBXBuildFile; fileRef = D3CF6B28202A0C14009F0CE2 /* Assets.xcassets */; };
		D3CF6B37202A0C15009F0CE2 /* leafTests.swift in Sources */ = {isa = PBXBuildFile; fileRef = D3CF6B36202A0C15009F0CE2 /* leafTests.swift */; };
		D3CF6B42202A0C15009F0CE2 /* leafUITests.swift in Sources */ = {isa = PBXBuildFile; fileRef = D3CF6B41202A0C15009F0CE2 /* leafUITests.swift */; };
		D3CF6B50202A0D61009F0CE2 /* GoogleService-Info.plist in Resources */ = {isa = PBXBuildFile; fileRef = D3CF6B4F202A0D61009F0CE2 /* GoogleService-Info.plist */; };
		D3CF6B52202A13E2009F0CE2 /* Podfile in Resources */ = {isa = PBXBuildFile; fileRef = D3CF6B51202A13E2009F0CE2 /* Podfile */; };
		E8ED10A280F4C50D258BAC5A /* Pods_leaf.framework in Frameworks */ = {isa = PBXBuildFile; fileRef = 82BF7A5C592AC570F755037C /* Pods_leaf.framework */; };
/* End PBXBuildFile section */

/* Begin PBXContainerItemProxy section */
		D3CF6B33202A0C15009F0CE2 /* PBXContainerItemProxy */ = {
			isa = PBXContainerItemProxy;
			containerPortal = D3CF6B16202A0C14009F0CE2 /* Project object */;
			proxyType = 1;
			remoteGlobalIDString = D3CF6B1D202A0C14009F0CE2;
			remoteInfo = leaf;
		};
		D3CF6B3E202A0C15009F0CE2 /* PBXContainerItemProxy */ = {
			isa = PBXContainerItemProxy;
			containerPortal = D3CF6B16202A0C14009F0CE2 /* Project object */;
			proxyType = 1;
			remoteGlobalIDString = D3CF6B1D202A0C14009F0CE2;
			remoteInfo = leaf;
		};
/* End PBXContainerItemProxy section */

/* Begin PBXCopyFilesBuildPhase section */
		D3220A242075CB2000FC5D93 /* Embed Frameworks */ = {
			isa = PBXCopyFilesBuildPhase;
			buildActionMask = 2147483647;
			dstPath = "";
			dstSubfolderSpec = 10;
			files = (
				D3220A252075CB2000FC5D93 /* STLogging.framework in Embed Frameworks */,
			);
			name = "Embed Frameworks";
			runOnlyForDeploymentPostprocessing = 0;
		};
/* End PBXCopyFilesBuildPhase section */

/* Begin PBXFileReference section */
		455DCA303D590D20AF1E3450 /* Pods-leafUITests.debug.xcconfig */ = {isa = PBXFileReference; includeInIndex = 1; lastKnownFileType = text.xcconfig; name = "Pods-leafUITests.debug.xcconfig"; path = "Pods/Target Support Files/Pods-leafUITests/Pods-leafUITests.debug.xcconfig"; sourceTree = "<group>"; };
		51A4962A1FE4B2687F63F357 /* Pods-leaf.debug.xcconfig */ = {isa = PBXFileReference; includeInIndex = 1; lastKnownFileType = text.xcconfig; name = "Pods-leaf.debug.xcconfig"; path = "Pods/Target Support Files/Pods-leaf/Pods-leaf.debug.xcconfig"; sourceTree = "<group>"; };
		527360D660D75932AF1DCBBA /* Pods-leafTests.release.xcconfig */ = {isa = PBXFileReference; includeInIndex = 1; lastKnownFileType = text.xcconfig; name = "Pods-leafTests.release.xcconfig"; path = "Pods/Target Support Files/Pods-leafTests/Pods-leafTests.release.xcconfig"; sourceTree = "<group>"; };
		5951AB2FE906E5FD80192464 /* Pods_leafUITests.framework */ = {isa = PBXFileReference; explicitFileType = wrapper.framework; includeInIndex = 0; path = Pods_leafUITests.framework; sourceTree = BUILT_PRODUCTS_DIR; };
		82BF7A5C592AC570F755037C /* Pods_leaf.framework */ = {isa = PBXFileReference; explicitFileType = wrapper.framework; includeInIndex = 0; path = Pods_leaf.framework; sourceTree = BUILT_PRODUCTS_DIR; };
		880D47B786289825ADD84ECD /* Pods-leafTests.debug.xcconfig */ = {isa = PBXFileReference; includeInIndex = 1; lastKnownFileType = text.xcconfig; name = "Pods-leafTests.debug.xcconfig"; path = "Pods/Target Support Files/Pods-leafTests/Pods-leafTests.debug.xcconfig"; sourceTree = "<group>"; };
		A7CA5005C5DE3831FDAE889B /* Pods_leafTests.framework */ = {isa = PBXFileReference; explicitFileType = wrapper.framework; includeInIndex = 0; path = Pods_leafTests.framework; sourceTree = BUILT_PRODUCTS_DIR; };
		B6CFB44B9DD011E6CB8822E5 /* Pods-leaf.release.xcconfig */ = {isa = PBXFileReference; includeInIndex = 1; lastKnownFileType = text.xcconfig; name = "Pods-leaf.release.xcconfig"; path = "Pods/Target Support Files/Pods-leaf/Pods-leaf.release.xcconfig"; sourceTree = "<group>"; };
		D32209EB2075AEC100FC5D93 /* Services.swift */ = {isa = PBXFileReference; lastKnownFileType = sourcecode.swift; path = Services.swift; sourceTree = "<group>"; };
		D32209FA2075CA2300FC5D93 /* LeafLogger.swift */ = {isa = PBXFileReference; lastKnownFileType = sourcecode.swift; path = LeafLogger.swift; sourceTree = "<group>"; };
		D3220A222075CB2000FC5D93 /* STLogging.framework */ = {isa = PBXFileReference; explicitFileType = wrapper.framework; path = STLogging.framework; sourceTree = BUILT_PRODUCTS_DIR; };
		D3220A262075CDCF00FC5D93 /* STLogging.framework */ = {isa = PBXFileReference; lastKnownFileType = wrapper.framework; name = STLogging.framework; path = "../../Library/Developer/Xcode/DerivedData/Build/Products/Debug-iphoneos/STLogging.framework"; sourceTree = "<group>"; };
		D38589D5202A1BDF00E8BE12 /* Leaf.swift */ = {isa = PBXFileReference; lastKnownFileType = sourcecode.swift; path = Leaf.swift; sourceTree = "<group>"; };
		D38589D7202A1C4B00E8BE12 /* CoreLocation.framework */ = {isa = PBXFileReference; lastKnownFileType = wrapper.framework; name = CoreLocation.framework; path = System/Library/Frameworks/CoreLocation.framework; sourceTree = SDKROOT; };
		D38589D9202A1C7A00E8BE12 /* User.swift */ = {isa = PBXFileReference; lastKnownFileType = sourcecode.swift; path = User.swift; sourceTree = "<group>"; };
		D38589DB202A31D200E8BE12 /* AppState.swift */ = {isa = PBXFileReference; lastKnownFileType = sourcecode.swift; path = AppState.swift; sourceTree = "<group>"; };
		D38589F0202A34DC00E8BE12 /* AppReducers.swift */ = {isa = PBXFileReference; lastKnownFileType = sourcecode.swift; path = AppReducers.swift; sourceTree = "<group>"; };
		D38589F3202A350D00E8BE12 /* AuthActions.swift */ = {isa = PBXFileReference; lastKnownFileType = sourcecode.swift; path = AuthActions.swift; sourceTree = "<group>"; };
		D38589F7202AA2A300E8BE12 /* LaunchScreen.storyboard */ = {isa = PBXFileReference; lastKnownFileType = file.storyboard; path = LaunchScreen.storyboard; sourceTree = "<group>"; };
		D38589FD202AC2CD00E8BE12 /* .gitignore */ = {isa = PBXFileReference; lastKnownFileType = text; path = .gitignore; sourceTree = "<group>"; };
		D38589FF202AC49F00E8BE12 /* README.md */ = {isa = PBXFileReference; lastKnownFileType = net.daringfireball.markdown; path = README.md; sourceTree = "<group>"; };
		D3858A02202ACF0100E8BE12 /* .swiftlint.yml */ = {isa = PBXFileReference; lastKnownFileType = text; path = .swiftlint.yml; sourceTree = "<group>"; };
		D3CF6B1E202A0C14009F0CE2 /* Leaf.app */ = {isa = PBXFileReference; explicitFileType = wrapper.application; includeInIndex = 0; path = Leaf.app; sourceTree = BUILT_PRODUCTS_DIR; };
		D3CF6B21202A0C14009F0CE2 /* AppDelegate.swift */ = {isa = PBXFileReference; lastKnownFileType = sourcecode.swift; path = AppDelegate.swift; sourceTree = "<group>"; };
		D3CF6B23202A0C14009F0CE2 /* MainViewController.swift */ = {isa = PBXFileReference; lastKnownFileType = sourcecode.swift; path = MainViewController.swift; sourceTree = "<group>"; };
		D3CF6B28202A0C14009F0CE2 /* Assets.xcassets */ = {isa = PBXFileReference; lastKnownFileType = folder.assetcatalog; path = Assets.xcassets; sourceTree = "<group>"; };
		D3CF6B2D202A0C15009F0CE2 /* Info.plist */ = {isa = PBXFileReference; lastKnownFileType = text.plist.xml; path = Info.plist; sourceTree = "<group>"; };
		D3CF6B32202A0C15009F0CE2 /* leafTests.xctest */ = {isa = PBXFileReference; explicitFileType = wrapper.cfbundle; includeInIndex = 0; path = leafTests.xctest; sourceTree = BUILT_PRODUCTS_DIR; };
		D3CF6B36202A0C15009F0CE2 /* leafTests.swift */ = {isa = PBXFileReference; lastKnownFileType = sourcecode.swift; path = leafTests.swift; sourceTree = "<group>"; };
		D3CF6B38202A0C15009F0CE2 /* Info.plist */ = {isa = PBXFileReference; lastKnownFileType = text.plist.xml; path = Info.plist; sourceTree = "<group>"; };
		D3CF6B3D202A0C15009F0CE2 /* leafUITests.xctest */ = {isa = PBXFileReference; explicitFileType = wrapper.cfbundle; includeInIndex = 0; path = leafUITests.xctest; sourceTree = BUILT_PRODUCTS_DIR; };
		D3CF6B41202A0C15009F0CE2 /* leafUITests.swift */ = {isa = PBXFileReference; lastKnownFileType = sourcecode.swift; path = leafUITests.swift; sourceTree = "<group>"; };
		D3CF6B43202A0C15009F0CE2 /* Info.plist */ = {isa = PBXFileReference; lastKnownFileType = text.plist.xml; path = Info.plist; sourceTree = "<group>"; };
		D3CF6B4F202A0D61009F0CE2 /* GoogleService-Info.plist */ = {isa = PBXFileReference; fileEncoding = 4; lastKnownFileType = text.plist.xml; path = "GoogleService-Info.plist"; sourceTree = "<group>"; };
		D3CF6B51202A13E2009F0CE2 /* Podfile */ = {isa = PBXFileReference; fileEncoding = 4; lastKnownFileType = text; path = Podfile; sourceTree = "<group>"; xcLanguageSpecificationIdentifier = xcode.lang.ruby; };
		ED7F7E7846115555F76D280D /* Pods-leafUITests.release.xcconfig */ = {isa = PBXFileReference; includeInIndex = 1; lastKnownFileType = text.xcconfig; name = "Pods-leafUITests.release.xcconfig"; path = "Pods/Target Support Files/Pods-leafUITests/Pods-leafUITests.release.xcconfig"; sourceTree = "<group>"; };
/* End PBXFileReference section */

/* Begin PBXFrameworksBuildPhase section */
		D3CF6B1B202A0C14009F0CE2 /* Frameworks */ = {
			isa = PBXFrameworksBuildPhase;
			buildActionMask = 2147483647;
			files = (
				D38589D8202A1C4B00E8BE12 /* CoreLocation.framework in Frameworks */,
				E8ED10A280F4C50D258BAC5A /* Pods_leaf.framework in Frameworks */,
				D3220A232075CB2000FC5D93 /* STLogging.framework in Frameworks */,
			);
			runOnlyForDeploymentPostprocessing = 0;
		};
		D3CF6B2F202A0C15009F0CE2 /* Frameworks */ = {
			isa = PBXFrameworksBuildPhase;
			buildActionMask = 2147483647;
			files = (
				63F7125FA510D1A4974AFE01 /* Pods_leafTests.framework in Frameworks */,
			);
			runOnlyForDeploymentPostprocessing = 0;
		};
		D3CF6B3A202A0C15009F0CE2 /* Frameworks */ = {
			isa = PBXFrameworksBuildPhase;
			buildActionMask = 2147483647;
			files = (
				C43232A2596356E3DDEFE3CE /* Pods_leafUITests.framework in Frameworks */,
			);
			runOnlyForDeploymentPostprocessing = 0;
		};
/* End PBXFrameworksBuildPhase section */

/* Begin PBXGroup section */
		14D69BDE84BC749EAFA86FCD /* Pods */ = {
			isa = PBXGroup;
			children = (
				51A4962A1FE4B2687F63F357 /* Pods-leaf.debug.xcconfig */,
				B6CFB44B9DD011E6CB8822E5 /* Pods-leaf.release.xcconfig */,
				880D47B786289825ADD84ECD /* Pods-leafTests.debug.xcconfig */,
				527360D660D75932AF1DCBBA /* Pods-leafTests.release.xcconfig */,
				455DCA303D590D20AF1E3450 /* Pods-leafUITests.debug.xcconfig */,
				ED7F7E7846115555F76D280D /* Pods-leafUITests.release.xcconfig */,
			);
			name = Pods;
			sourceTree = "<group>";
		};
		8F49EF16D03FA23DB9CD4682 /* Frameworks */ = {
			isa = PBXGroup;
			children = (
				D3220A262075CDCF00FC5D93 /* STLogging.framework */,
				D38589D7202A1C4B00E8BE12 /* CoreLocation.framework */,
				82BF7A5C592AC570F755037C /* Pods_leaf.framework */,
				A7CA5005C5DE3831FDAE889B /* Pods_leafTests.framework */,
				5951AB2FE906E5FD80192464 /* Pods_leafUITests.framework */,
			);
			name = Frameworks;
			sourceTree = "<group>";
		};
		D38589D4202A1BC900E8BE12 /* models */ = {
			isa = PBXGroup;
			children = (
				D38589D5202A1BDF00E8BE12 /* Leaf.swift */,
				D38589D9202A1C7A00E8BE12 /* User.swift */,
			);
			path = models;
			sourceTree = "<group>";
		};
		D38589EE202A34AE00E8BE12 /* state */ = {
			isa = PBXGroup;
			children = (
				D38589DB202A31D200E8BE12 /* AppState.swift */,
			);
			path = state;
			sourceTree = "<group>";
		};
		D38589EF202A34C300E8BE12 /* reducers */ = {
			isa = PBXGroup;
			children = (
				D38589F0202A34DC00E8BE12 /* AppReducers.swift */,
			);
			path = reducers;
			sourceTree = "<group>";
		};
		D38589F2202A34F600E8BE12 /* actions */ = {
			isa = PBXGroup;
			children = (
				D38589F3202A350D00E8BE12 /* AuthActions.swift */,
			);
			path = actions;
			sourceTree = "<group>";
		};
		D38589FB202AA40500E8BE12 /* storyboards */ = {
			isa = PBXGroup;
			children = (
				D38589F7202AA2A300E8BE12 /* LaunchScreen.storyboard */,
			);
			path = storyboards;
			sourceTree = "<group>";
		};
		D38589FC202AA40D00E8BE12 /* view_controllers */ = {
			isa = PBXGroup;
			children = (
				D3CF6B23202A0C14009F0CE2 /* MainViewController.swift */,
			);
			path = view_controllers;
			sourceTree = "<group>";
		};
		D3CF6B15202A0C14009F0CE2 = {
			isa = PBXGroup;
			children = (
				D3220A222075CB2000FC5D93 /* STLogging.framework */,
				D3858A02202ACF0100E8BE12 /* .swiftlint.yml */,
				D38589FF202AC49F00E8BE12 /* README.md */,
				D38589FD202AC2CD00E8BE12 /* .gitignore */,
				D3CF6B51202A13E2009F0CE2 /* Podfile */,
				D3CF6B20202A0C14009F0CE2 /* leaf */,
				D3CF6B35202A0C15009F0CE2 /* leafTests */,
				D3CF6B40202A0C15009F0CE2 /* leafUITests */,
				D3CF6B1F202A0C14009F0CE2 /* Products */,
				14D69BDE84BC749EAFA86FCD /* Pods */,
				8F49EF16D03FA23DB9CD4682 /* Frameworks */,
			);
			sourceTree = "<group>";
		};
		D3CF6B1F202A0C14009F0CE2 /* Products */ = {
			isa = PBXGroup;
			children = (
				D3CF6B1E202A0C14009F0CE2 /* Leaf.app */,
				D3CF6B32202A0C15009F0CE2 /* leafTests.xctest */,
				D3CF6B3D202A0C15009F0CE2 /* leafUITests.xctest */,
			);
			name = Products;
			sourceTree = "<group>";
		};
		D3CF6B20202A0C14009F0CE2 /* leaf */ = {
			isa = PBXGroup;
			children = (
				D38589FC202AA40D00E8BE12 /* view_controllers */,
				D38589FB202AA40500E8BE12 /* storyboards */,
				D38589F2202A34F600E8BE12 /* actions */,
				D38589EF202A34C300E8BE12 /* reducers */,
				D38589EE202A34AE00E8BE12 /* state */,
				D38589D4202A1BC900E8BE12 /* models */,
				D3CF6B21202A0C14009F0CE2 /* AppDelegate.swift */,
				D3CF6B28202A0C14009F0CE2 /* Assets.xcassets */,
				D3CF6B2D202A0C15009F0CE2 /* Info.plist */,
				D3CF6B4F202A0D61009F0CE2 /* GoogleService-Info.plist */,
				D32209EB2075AEC100FC5D93 /* Services.swift */,
				D32209FA2075CA2300FC5D93 /* LeafLogger.swift */,
			);
			path = leaf;
			sourceTree = "<group>";
		};
		D3CF6B35202A0C15009F0CE2 /* leafTests */ = {
			isa = PBXGroup;
			children = (
				D3CF6B36202A0C15009F0CE2 /* leafTests.swift */,
				D3CF6B38202A0C15009F0CE2 /* Info.plist */,
			);
			path = leafTests;
			sourceTree = "<group>";
		};
		D3CF6B40202A0C15009F0CE2 /* leafUITests */ = {
			isa = PBXGroup;
			children = (
				D3CF6B41202A0C15009F0CE2 /* leafUITests.swift */,
				D3CF6B43202A0C15009F0CE2 /* Info.plist */,
			);
			path = leafUITests;
			sourceTree = "<group>";
		};
/* End PBXGroup section */

/* Begin PBXNativeTarget section */
		D3CF6B1D202A0C14009F0CE2 /* Leaf */ = {
			isa = PBXNativeTarget;
			buildConfigurationList = D3CF6B46202A0C15009F0CE2 /* Build configuration list for PBXNativeTarget "Leaf" */;
			buildPhases = (
				7EDB5EAB2B5DA05A78C7368A /* [CP] Check Pods Manifest.lock */,
				D3CF6B1A202A0C14009F0CE2 /* Sources */,
				D3CF6B1B202A0C14009F0CE2 /* Frameworks */,
				D3CF6B1C202A0C14009F0CE2 /* Resources */,
				BCD03FD2777191737A12EA2C /* [CP] Embed Pods Frameworks */,
				B5F23438EB1B6AAFEC8C03FD /* [CP] Copy Pods Resources */,
				D3220A242075CB2000FC5D93 /* Embed Frameworks */,
			);
			buildRules = (
			);
			dependencies = (
			);
			name = Leaf;
			productName = leaf;
			productReference = D3CF6B1E202A0C14009F0CE2 /* Leaf.app */;
			productType = "com.apple.product-type.application";
		};
		D3CF6B31202A0C15009F0CE2 /* leafTests */ = {
			isa = PBXNativeTarget;
			buildConfigurationList = D3CF6B49202A0C15009F0CE2 /* Build configuration list for PBXNativeTarget "leafTests" */;
			buildPhases = (
				AB1E335D147D754468282BF6 /* [CP] Check Pods Manifest.lock */,
				D3CF6B2E202A0C15009F0CE2 /* Sources */,
				D3CF6B2F202A0C15009F0CE2 /* Frameworks */,
				D3CF6B30202A0C15009F0CE2 /* Resources */,
				4F2DF18E21C724F48065A501 /* [CP] Embed Pods Frameworks */,
				95299F328652ECD597BE5E9B /* [CP] Copy Pods Resources */,
			);
			buildRules = (
			);
			dependencies = (
				D3CF6B34202A0C15009F0CE2 /* PBXTargetDependency */,
			);
			name = leafTests;
			productName = leafTests;
			productReference = D3CF6B32202A0C15009F0CE2 /* leafTests.xctest */;
			productType = "com.apple.product-type.bundle.unit-test";
		};
		D3CF6B3C202A0C15009F0CE2 /* leafUITests */ = {
			isa = PBXNativeTarget;
			buildConfigurationList = D3CF6B4C202A0C15009F0CE2 /* Build configuration list for PBXNativeTarget "leafUITests" */;
			buildPhases = (
				C27B58B5735188E07F18096E /* [CP] Check Pods Manifest.lock */,
				D3CF6B39202A0C15009F0CE2 /* Sources */,
				D3CF6B3A202A0C15009F0CE2 /* Frameworks */,
				D3CF6B3B202A0C15009F0CE2 /* Resources */,
				9DBA543FEE195E8625B72F7E /* [CP] Embed Pods Frameworks */,
				45FE79252EB60A4FC918F0F8 /* [CP] Copy Pods Resources */,
			);
			buildRules = (
			);
			dependencies = (
				D3CF6B3F202A0C15009F0CE2 /* PBXTargetDependency */,
			);
			name = leafUITests;
			productName = leafUITests;
			productReference = D3CF6B3D202A0C15009F0CE2 /* leafUITests.xctest */;
			productType = "com.apple.product-type.bundle.ui-testing";
		};
/* End PBXNativeTarget section */

/* Begin PBXProject section */
		D3CF6B16202A0C14009F0CE2 /* Project object */ = {
			isa = PBXProject;
			attributes = {
				LastSwiftUpdateCheck = 0920;
				LastUpgradeCheck = 0920;
				ORGANIZATIONNAME = "Carl Bolstad";
				TargetAttributes = {
					D3CF6B1D202A0C14009F0CE2 = {
						CreatedOnToolsVersion = 9.2;
						ProvisioningStyle = Automatic;
					};
					D3CF6B31202A0C15009F0CE2 = {
						CreatedOnToolsVersion = 9.2;
						ProvisioningStyle = Automatic;
						TestTargetID = D3CF6B1D202A0C14009F0CE2;
					};
					D3CF6B3C202A0C15009F0CE2 = {
						CreatedOnToolsVersion = 9.2;
						ProvisioningStyle = Automatic;
						TestTargetID = D3CF6B1D202A0C14009F0CE2;
					};
				};
			};
			buildConfigurationList = D3CF6B19202A0C14009F0CE2 /* Build configuration list for PBXProject "leaf" */;
			compatibilityVersion = "Xcode 8.0";
			developmentRegion = en;
			hasScannedForEncodings = 0;
			knownRegions = (
				en,
				Base,
			);
			mainGroup = D3CF6B15202A0C14009F0CE2;
			productRefGroup = D3CF6B1F202A0C14009F0CE2 /* Products */;
			projectDirPath = "";
			projectRoot = "";
			targets = (
				D3CF6B1D202A0C14009F0CE2 /* Leaf */,
				D3CF6B31202A0C15009F0CE2 /* leafTests */,
				D3CF6B3C202A0C15009F0CE2 /* leafUITests */,
			);
		};
/* End PBXProject section */

/* Begin PBXResourcesBuildPhase section */
		D3CF6B1C202A0C14009F0CE2 /* Resources */ = {
			isa = PBXResourcesBuildPhase;
			buildActionMask = 2147483647;
			files = (
				D3858A00202AC49F00E8BE12 /* README.md in Resources */,
				D38589FE202AC2CD00E8BE12 /* .gitignore in Resources */,
				D3CF6B52202A13E2009F0CE2 /* Podfile in Resources */,
				D3858A03202ACF0100E8BE12 /* .swiftlint.yml in Resources */,
				D3CF6B50202A0D61009F0CE2 /* GoogleService-Info.plist in Resources */,
				D38589F8202AA2A300E8BE12 /* LaunchScreen.storyboard in Resources */,
				D3CF6B29202A0C14009F0CE2 /* Assets.xcassets in Resources */,
			);
			runOnlyForDeploymentPostprocessing = 0;
		};
		D3CF6B30202A0C15009F0CE2 /* Resources */ = {
			isa = PBXResourcesBuildPhase;
			buildActionMask = 2147483647;
			files = (
			);
			runOnlyForDeploymentPostprocessing = 0;
		};
		D3CF6B3B202A0C15009F0CE2 /* Resources */ = {
			isa = PBXResourcesBuildPhase;
			buildActionMask = 2147483647;
			files = (
			);
			runOnlyForDeploymentPostprocessing = 0;
		};
/* End PBXResourcesBuildPhase section */

/* Begin PBXShellScriptBuildPhase section */
		45FE79252EB60A4FC918F0F8 /* [CP] Copy Pods Resources */ = {
			isa = PBXShellScriptBuildPhase;
			buildActionMask = 2147483647;
			files = (
			);
			inputPaths = (
			);
			name = "[CP] Copy Pods Resources";
			outputPaths = (
			);
			runOnlyForDeploymentPostprocessing = 0;
			shellPath = /bin/sh;
			shellScript = "\"${SRCROOT}/Pods/Target Support Files/Pods-leafUITests/Pods-leafUITests-resources.sh\"\n";
			showEnvVarsInLog = 0;
		};
		4F2DF18E21C724F48065A501 /* [CP] Embed Pods Frameworks */ = {
			isa = PBXShellScriptBuildPhase;
			buildActionMask = 2147483647;
			files = (
			);
			inputPaths = (
			);
			name = "[CP] Embed Pods Frameworks";
			outputPaths = (
			);
			runOnlyForDeploymentPostprocessing = 0;
			shellPath = /bin/sh;
			shellScript = "\"${SRCROOT}/Pods/Target Support Files/Pods-leafTests/Pods-leafTests-frameworks.sh\"\n";
			showEnvVarsInLog = 0;
		};
		7EDB5EAB2B5DA05A78C7368A /* [CP] Check Pods Manifest.lock */ = {
			isa = PBXShellScriptBuildPhase;
			buildActionMask = 2147483647;
			files = (
			);
			inputPaths = (
				"${PODS_PODFILE_DIR_PATH}/Podfile.lock",
				"${PODS_ROOT}/Manifest.lock",
			);
			name = "[CP] Check Pods Manifest.lock";
			outputPaths = (
				"$(DERIVED_FILE_DIR)/Pods-leaf-checkManifestLockResult.txt",
			);
			runOnlyForDeploymentPostprocessing = 0;
			shellPath = /bin/sh;
			shellScript = "diff \"${PODS_PODFILE_DIR_PATH}/Podfile.lock\" \"${PODS_ROOT}/Manifest.lock\" > /dev/null\nif [ $? != 0 ] ; then\n    # print error to STDERR\n    echo \"error: The sandbox is not in sync with the Podfile.lock. Run 'pod install' or update your CocoaPods installation.\" >&2\n    exit 1\nfi\n# This output is used by Xcode 'outputs' to avoid re-running this script phase.\necho \"SUCCESS\" > \"${SCRIPT_OUTPUT_FILE_0}\"\n";
			showEnvVarsInLog = 0;
		};
		95299F328652ECD597BE5E9B /* [CP] Copy Pods Resources */ = {
			isa = PBXShellScriptBuildPhase;
			buildActionMask = 2147483647;
			files = (
			);
			inputPaths = (
			);
			name = "[CP] Copy Pods Resources";
			outputPaths = (
			);
			runOnlyForDeploymentPostprocessing = 0;
			shellPath = /bin/sh;
			shellScript = "\"${SRCROOT}/Pods/Target Support Files/Pods-leafTests/Pods-leafTests-resources.sh\"\n";
			showEnvVarsInLog = 0;
		};
		9DBA543FEE195E8625B72F7E /* [CP] Embed Pods Frameworks */ = {
			isa = PBXShellScriptBuildPhase;
			buildActionMask = 2147483647;
			files = (
			);
			inputPaths = (
			);
			name = "[CP] Embed Pods Frameworks";
			outputPaths = (
			);
			runOnlyForDeploymentPostprocessing = 0;
			shellPath = /bin/sh;
			shellScript = "\"${SRCROOT}/Pods/Target Support Files/Pods-leafUITests/Pods-leafUITests-frameworks.sh\"\n";
			showEnvVarsInLog = 0;
		};
		AB1E335D147D754468282BF6 /* [CP] Check Pods Manifest.lock */ = {
			isa = PBXShellScriptBuildPhase;
			buildActionMask = 2147483647;
			files = (
			);
			inputPaths = (
				"${PODS_PODFILE_DIR_PATH}/Podfile.lock",
				"${PODS_ROOT}/Manifest.lock",
			);
			name = "[CP] Check Pods Manifest.lock";
			outputPaths = (
				"$(DERIVED_FILE_DIR)/Pods-leafTests-checkManifestLockResult.txt",
			);
			runOnlyForDeploymentPostprocessing = 0;
			shellPath = /bin/sh;
			shellScript = "diff \"${PODS_PODFILE_DIR_PATH}/Podfile.lock\" \"${PODS_ROOT}/Manifest.lock\" > /dev/null\nif [ $? != 0 ] ; then\n    # print error to STDERR\n    echo \"error: The sandbox is not in sync with the Podfile.lock. Run 'pod install' or update your CocoaPods installation.\" >&2\n    exit 1\nfi\n# This output is used by Xcode 'outputs' to avoid re-running this script phase.\necho \"SUCCESS\" > \"${SCRIPT_OUTPUT_FILE_0}\"\n";
			showEnvVarsInLog = 0;
		};
		B5F23438EB1B6AAFEC8C03FD /* [CP] Copy Pods Resources */ = {
			isa = PBXShellScriptBuildPhase;
			buildActionMask = 2147483647;
			files = (
			);
			inputPaths = (
				"${SRCROOT}/Pods/Target Support Files/Pods-leaf/Pods-leaf-resources.sh",
				"${PODS_CONFIGURATION_BUILD_DIR}/FirebaseUI/FirebaseAuthUI.bundle",
				"${PODS_CONFIGURATION_BUILD_DIR}/FirebaseUI/FirebaseGoogleAuthUI.bundle",
				"${PODS_ROOT}/GoogleSignIn/Resources/GoogleSignIn.bundle",
			);
			name = "[CP] Copy Pods Resources";
			outputPaths = (
				"${TARGET_BUILD_DIR}/${UNLOCALIZED_RESOURCES_FOLDER_PATH}/FirebaseAuthUI.bundle",
				"${TARGET_BUILD_DIR}/${UNLOCALIZED_RESOURCES_FOLDER_PATH}/FirebaseGoogleAuthUI.bundle",
				"${TARGET_BUILD_DIR}/${UNLOCALIZED_RESOURCES_FOLDER_PATH}/GoogleSignIn.bundle",
			);
			runOnlyForDeploymentPostprocessing = 0;
			shellPath = /bin/sh;
			shellScript = "\"${SRCROOT}/Pods/Target Support Files/Pods-leaf/Pods-leaf-resources.sh\"\n";
			showEnvVarsInLog = 0;
		};
		BCD03FD2777191737A12EA2C /* [CP] Embed Pods Frameworks */ = {
			isa = PBXShellScriptBuildPhase;
			buildActionMask = 2147483647;
			files = (
			);
			inputPaths = (
				"${SRCROOT}/Pods/Target Support Files/Pods-leaf/Pods-leaf-frameworks.sh",
				"${BUILT_PRODUCTS_DIR}/GTMOAuth2/GTMOAuth2.framework",
				"${BUILT_PRODUCTS_DIR}/GTMSessionFetcher/GTMSessionFetcher.framework",
				"${BUILT_PRODUCTS_DIR}/GoogleToolboxForMac/GoogleToolboxForMac.framework",
				"${BUILT_PRODUCTS_DIR}/ReSwift/ReSwift.framework",
				"${BUILT_PRODUCTS_DIR}/nanopb/nanopb.framework",
			);
			name = "[CP] Embed Pods Frameworks";
			outputPaths = (
				"${TARGET_BUILD_DIR}/${FRAMEWORKS_FOLDER_PATH}/GTMOAuth2.framework",
				"${TARGET_BUILD_DIR}/${FRAMEWORKS_FOLDER_PATH}/GTMSessionFetcher.framework",
				"${TARGET_BUILD_DIR}/${FRAMEWORKS_FOLDER_PATH}/GoogleToolboxForMac.framework",
				"${TARGET_BUILD_DIR}/${FRAMEWORKS_FOLDER_PATH}/ReSwift.framework",
				"${TARGET_BUILD_DIR}/${FRAMEWORKS_FOLDER_PATH}/nanopb.framework",
			);
			runOnlyForDeploymentPostprocessing = 0;
			shellPath = /bin/sh;
			shellScript = "\"${SRCROOT}/Pods/Target Support Files/Pods-leaf/Pods-leaf-frameworks.sh\"\n";
			showEnvVarsInLog = 0;
		};
		C27B58B5735188E07F18096E /* [CP] Check Pods Manifest.lock */ = {
			isa = PBXShellScriptBuildPhase;
			buildActionMask = 2147483647;
			files = (
			);
			inputPaths = (
				"${PODS_PODFILE_DIR_PATH}/Podfile.lock",
				"${PODS_ROOT}/Manifest.lock",
			);
			name = "[CP] Check Pods Manifest.lock";
			outputPaths = (
				"$(DERIVED_FILE_DIR)/Pods-leafUITests-checkManifestLockResult.txt",
			);
			runOnlyForDeploymentPostprocessing = 0;
			shellPath = /bin/sh;
			shellScript = "diff \"${PODS_PODFILE_DIR_PATH}/Podfile.lock\" \"${PODS_ROOT}/Manifest.lock\" > /dev/null\nif [ $? != 0 ] ; then\n    # print error to STDERR\n    echo \"error: The sandbox is not in sync with the Podfile.lock. Run 'pod install' or update your CocoaPods installation.\" >&2\n    exit 1\nfi\n# This output is used by Xcode 'outputs' to avoid re-running this script phase.\necho \"SUCCESS\" > \"${SCRIPT_OUTPUT_FILE_0}\"\n";
			showEnvVarsInLog = 0;
		};
/* End PBXShellScriptBuildPhase section */

/* Begin PBXSourcesBuildPhase section */
		D3CF6B1A202A0C14009F0CE2 /* Sources */ = {
			isa = PBXSourcesBuildPhase;
			buildActionMask = 2147483647;
			files = (
				D38589DA202A1C7A00E8BE12 /* User.swift in Sources */,
				D38589DC202A31D200E8BE12 /* AppState.swift in Sources */,
				D38589F1202A34DC00E8BE12 /* AppReducers.swift in Sources */,
				D38589D6202A1BDF00E8BE12 /* Leaf.swift in Sources */,
				D32209FB2075CA2300FC5D93 /* LeafLogger.swift in Sources */,
				D38589F4202A350D00E8BE12 /* AuthActions.swift in Sources */,
				D3CF6B24202A0C14009F0CE2 /* MainViewController.swift in Sources */,
				D32209EC2075AEC100FC5D93 /* Services.swift in Sources */,
				D3CF6B22202A0C14009F0CE2 /* AppDelegate.swift in Sources */,
			);
			runOnlyForDeploymentPostprocessing = 0;
		};
		D3CF6B2E202A0C15009F0CE2 /* Sources */ = {
			isa = PBXSourcesBuildPhase;
			buildActionMask = 2147483647;
			files = (
				D3CF6B37202A0C15009F0CE2 /* leafTests.swift in Sources */,
			);
			runOnlyForDeploymentPostprocessing = 0;
		};
		D3CF6B39202A0C15009F0CE2 /* Sources */ = {
			isa = PBXSourcesBuildPhase;
			buildActionMask = 2147483647;
			files = (
				D3CF6B42202A0C15009F0CE2 /* leafUITests.swift in Sources */,
			);
			runOnlyForDeploymentPostprocessing = 0;
		};
/* End PBXSourcesBuildPhase section */

/* Begin PBXTargetDependency section */
		D3CF6B34202A0C15009F0CE2 /* PBXTargetDependency */ = {
			isa = PBXTargetDependency;
			target = D3CF6B1D202A0C14009F0CE2 /* Leaf */;
			targetProxy = D3CF6B33202A0C15009F0CE2 /* PBXContainerItemProxy */;
		};
		D3CF6B3F202A0C15009F0CE2 /* PBXTargetDependency */ = {
			isa = PBXTargetDependency;
			target = D3CF6B1D202A0C14009F0CE2 /* Leaf */;
			targetProxy = D3CF6B3E202A0C15009F0CE2 /* PBXContainerItemProxy */;
		};
/* End PBXTargetDependency section */

/* Begin XCBuildConfiguration section */
		D3CF6B44202A0C15009F0CE2 /* Debug */ = {
			isa = XCBuildConfiguration;
			buildSettings = {
				ALWAYS_SEARCH_USER_PATHS = NO;
				CLANG_ANALYZER_NONNULL = YES;
				CLANG_ANALYZER_NUMBER_OBJECT_CONVERSION = YES_AGGRESSIVE;
				CLANG_CXX_LANGUAGE_STANDARD = "gnu++14";
				CLANG_CXX_LIBRARY = "libc++";
				CLANG_ENABLE_MODULES = YES;
				CLANG_ENABLE_OBJC_ARC = YES;
				CLANG_WARN_BLOCK_CAPTURE_AUTORELEASING = YES;
				CLANG_WARN_BOOL_CONVERSION = YES;
				CLANG_WARN_COMMA = YES;
				CLANG_WARN_CONSTANT_CONVERSION = YES;
				CLANG_WARN_DIRECT_OBJC_ISA_USAGE = YES_ERROR;
				CLANG_WARN_DOCUMENTATION_COMMENTS = YES;
				CLANG_WARN_EMPTY_BODY = YES;
				CLANG_WARN_ENUM_CONVERSION = YES;
				CLANG_WARN_INFINITE_RECURSION = YES;
				CLANG_WARN_INT_CONVERSION = YES;
				CLANG_WARN_NON_LITERAL_NULL_CONVERSION = YES;
				CLANG_WARN_OBJC_LITERAL_CONVERSION = YES;
				CLANG_WARN_OBJC_ROOT_CLASS = YES_ERROR;
				CLANG_WARN_RANGE_LOOP_ANALYSIS = YES;
				CLANG_WARN_STRICT_PROTOTYPES = YES;
				CLANG_WARN_SUSPICIOUS_MOVE = YES;
				CLANG_WARN_UNGUARDED_AVAILABILITY = YES_AGGRESSIVE;
				CLANG_WARN_UNREACHABLE_CODE = YES;
				CLANG_WARN__DUPLICATE_METHOD_MATCH = YES;
				CODE_SIGN_IDENTITY = "iPhone Developer";
				COPY_PHASE_STRIP = NO;
				DEBUG_INFORMATION_FORMAT = dwarf;
				ENABLE_STRICT_OBJC_MSGSEND = YES;
				ENABLE_TESTABILITY = YES;
				GCC_C_LANGUAGE_STANDARD = gnu11;
				GCC_DYNAMIC_NO_PIC = NO;
				GCC_NO_COMMON_BLOCKS = YES;
				GCC_OPTIMIZATION_LEVEL = 0;
				GCC_PREPROCESSOR_DEFINITIONS = (
					"DEBUG=1",
					"$(inherited)",
				);
				GCC_WARN_64_TO_32_BIT_CONVERSION = YES;
				GCC_WARN_ABOUT_RETURN_TYPE = YES_ERROR;
				GCC_WARN_UNDECLARED_SELECTOR = YES;
				GCC_WARN_UNINITIALIZED_AUTOS = YES_AGGRESSIVE;
				GCC_WARN_UNUSED_FUNCTION = YES;
				GCC_WARN_UNUSED_VARIABLE = YES;
				IPHONEOS_DEPLOYMENT_TARGET = 11.3;
				MTL_ENABLE_DEBUG_INFO = YES;
				ONLY_ACTIVE_ARCH = YES;
				SDKROOT = iphoneos;
				SWIFT_ACTIVE_COMPILATION_CONDITIONS = DEBUG;
				SWIFT_OPTIMIZATION_LEVEL = "-Onone";
			};
			name = Debug;
		};
		D3CF6B45202A0C15009F0CE2 /* Release */ = {
			isa = XCBuildConfiguration;
			buildSettings = {
				ALWAYS_SEARCH_USER_PATHS = NO;
				CLANG_ANALYZER_NONNULL = YES;
				CLANG_ANALYZER_NUMBER_OBJECT_CONVERSION = YES_AGGRESSIVE;
				CLANG_CXX_LANGUAGE_STANDARD = "gnu++14";
				CLANG_CXX_LIBRARY = "libc++";
				CLANG_ENABLE_MODULES = YES;
				CLANG_ENABLE_OBJC_ARC = YES;
				CLANG_WARN_BLOCK_CAPTURE_AUTORELEASING = YES;
				CLANG_WARN_BOOL_CONVERSION = YES;
				CLANG_WARN_COMMA = YES;
				CLANG_WARN_CONSTANT_CONVERSION = YES;
				CLANG_WARN_DIRECT_OBJC_ISA_USAGE = YES_ERROR;
				CLANG_WARN_DOCUMENTATION_COMMENTS = YES;
				CLANG_WARN_EMPTY_BODY = YES;
				CLANG_WARN_ENUM_CONVERSION = YES;
				CLANG_WARN_INFINITE_RECURSION = YES;
				CLANG_WARN_INT_CONVERSION = YES;
				CLANG_WARN_NON_LITERAL_NULL_CONVERSION = YES;
				CLANG_WARN_OBJC_LITERAL_CONVERSION = YES;
				CLANG_WARN_OBJC_ROOT_CLASS = YES_ERROR;
				CLANG_WARN_RANGE_LOOP_ANALYSIS = YES;
				CLANG_WARN_STRICT_PROTOTYPES = YES;
				CLANG_WARN_SUSPICIOUS_MOVE = YES;
				CLANG_WARN_UNGUARDED_AVAILABILITY = YES_AGGRESSIVE;
				CLANG_WARN_UNREACHABLE_CODE = YES;
				CLANG_WARN__DUPLICATE_METHOD_MATCH = YES;
				CODE_SIGN_IDENTITY = "iPhone Developer";
				COPY_PHASE_STRIP = NO;
				DEBUG_INFORMATION_FORMAT = "dwarf-with-dsym";
				ENABLE_NS_ASSERTIONS = NO;
				ENABLE_STRICT_OBJC_MSGSEND = YES;
				GCC_C_LANGUAGE_STANDARD = gnu11;
				GCC_NO_COMMON_BLOCKS = YES;
				GCC_WARN_64_TO_32_BIT_CONVERSION = YES;
				GCC_WARN_ABOUT_RETURN_TYPE = YES_ERROR;
				GCC_WARN_UNDECLARED_SELECTOR = YES;
				GCC_WARN_UNINITIALIZED_AUTOS = YES_AGGRESSIVE;
				GCC_WARN_UNUSED_FUNCTION = YES;
				GCC_WARN_UNUSED_VARIABLE = YES;
				IPHONEOS_DEPLOYMENT_TARGET = 11.3;
				MTL_ENABLE_DEBUG_INFO = NO;
				SDKROOT = iphoneos;
				SWIFT_OPTIMIZATION_LEVEL = "-Owholemodule";
				VALIDATE_PRODUCT = YES;
			};
			name = Release;
		};
		D3CF6B47202A0C15009F0CE2 /* Debug */ = {
			isa = XCBuildConfiguration;
			baseConfigurationReference = 51A4962A1FE4B2687F63F357 /* Pods-leaf.debug.xcconfig */;
			buildSettings = {
				ASSETCATALOG_COMPILER_APPICON_NAME = AppIcon;
				CODE_SIGN_STYLE = Automatic;
				DEVELOPMENT_TEAM = CBZS6UC35V;
				INFOPLIST_FILE = leaf/Info.plist;
				IPHONEOS_DEPLOYMENT_TARGET = 11.0;
				LD_RUNPATH_SEARCH_PATHS = "$(inherited) @executable_path/Frameworks";
				PRODUCT_BUNDLE_IDENTIFIER = com.skogtek.leaf;
				PRODUCT_NAME = "$(TARGET_NAME)";
				SWIFT_VERSION = 4.0;
				TARGETED_DEVICE_FAMILY = "1,2";
			};
			name = Debug;
		};
		D3CF6B48202A0C15009F0CE2 /* Release */ = {
			isa = XCBuildConfiguration;
			baseConfigurationReference = B6CFB44B9DD011E6CB8822E5 /* Pods-leaf.release.xcconfig */;
			buildSettings = {
				ASSETCATALOG_COMPILER_APPICON_NAME = AppIcon;
				CODE_SIGN_STYLE = Automatic;
				DEVELOPMENT_TEAM = CBZS6UC35V;
				INFOPLIST_FILE = leaf/Info.plist;
				IPHONEOS_DEPLOYMENT_TARGET = 11.0;
				LD_RUNPATH_SEARCH_PATHS = "$(inherited) @executable_path/Frameworks";
				PRODUCT_BUNDLE_IDENTIFIER = com.skogtek.leaf;
				PRODUCT_NAME = "$(TARGET_NAME)";
				SWIFT_VERSION = 4.0;
				TARGETED_DEVICE_FAMILY = "1,2";
			};
			name = Release;
		};
		D3CF6B4A202A0C15009F0CE2 /* Debug */ = {
			isa = XCBuildConfiguration;
			baseConfigurationReference = 880D47B786289825ADD84ECD /* Pods-leafTests.debug.xcconfig */;
			buildSettings = {
				ALWAYS_EMBED_SWIFT_STANDARD_LIBRARIES = YES;
				BUNDLE_LOADER = "$(TEST_HOST)";
				CODE_SIGN_STYLE = Automatic;
				DEVELOPMENT_TEAM = CBZS6UC35V;
				INFOPLIST_FILE = leafTests/Info.plist;
				LD_RUNPATH_SEARCH_PATHS = "$(inherited) @executable_path/Frameworks @loader_path/Frameworks";
				PRODUCT_BUNDLE_IDENTIFIER = com.skogtek.leafTests;
				PRODUCT_NAME = "$(TARGET_NAME)";
				SWIFT_VERSION = 4.0;
				TARGETED_DEVICE_FAMILY = "1,2";
				TEST_HOST = "$(BUILT_PRODUCTS_DIR)/leaf.app/leaf";
			};
			name = Debug;
		};
		D3CF6B4B202A0C15009F0CE2 /* Release */ = {
			isa = XCBuildConfiguration;
			baseConfigurationReference = 527360D660D75932AF1DCBBA /* Pods-leafTests.release.xcconfig */;
			buildSettings = {
				ALWAYS_EMBED_SWIFT_STANDARD_LIBRARIES = YES;
				BUNDLE_LOADER = "$(TEST_HOST)";
				CODE_SIGN_STYLE = Automatic;
				DEVELOPMENT_TEAM = CBZS6UC35V;
				INFOPLIST_FILE = leafTests/Info.plist;
				LD_RUNPATH_SEARCH_PATHS = "$(inherited) @executable_path/Frameworks @loader_path/Frameworks";
				PRODUCT_BUNDLE_IDENTIFIER = com.skogtek.leafTests;
				PRODUCT_NAME = "$(TARGET_NAME)";
				SWIFT_VERSION = 4.0;
				TARGETED_DEVICE_FAMILY = "1,2";
				TEST_HOST = "$(BUILT_PRODUCTS_DIR)/leaf.app/leaf";
			};
			name = Release;
		};
		D3CF6B4D202A0C15009F0CE2 /* Debug */ = {
			isa = XCBuildConfiguration;
			baseConfigurationReference = 455DCA303D590D20AF1E3450 /* Pods-leafUITests.debug.xcconfig */;
			buildSettings = {
				ALWAYS_EMBED_SWIFT_STANDARD_LIBRARIES = YES;
				CODE_SIGN_STYLE = Automatic;
				DEVELOPMENT_TEAM = CBZS6UC35V;
				INFOPLIST_FILE = leafUITests/Info.plist;
				LD_RUNPATH_SEARCH_PATHS = "$(inherited) @executable_path/Frameworks @loader_path/Frameworks";
				PRODUCT_BUNDLE_IDENTIFIER = com.skogtek.leafUITests;
				PRODUCT_NAME = "$(TARGET_NAME)";
				SWIFT_VERSION = 4.0;
				TARGETED_DEVICE_FAMILY = "1,2";
				TEST_TARGET_NAME = leaf;
			};
			name = Debug;
		};
		D3CF6B4E202A0C15009F0CE2 /* Release */ = {
			isa = XCBuildConfiguration;
			baseConfigurationReference = ED7F7E7846115555F76D280D /* Pods-leafUITests.release.xcconfig */;
			buildSettings = {
				ALWAYS_EMBED_SWIFT_STANDARD_LIBRARIES = YES;
				CODE_SIGN_STYLE = Automatic;
				DEVELOPMENT_TEAM = CBZS6UC35V;
				INFOPLIST_FILE = leafUITests/Info.plist;
				LD_RUNPATH_SEARCH_PATHS = "$(inherited) @executable_path/Frameworks @loader_path/Frameworks";
				PRODUCT_BUNDLE_IDENTIFIER = com.skogtek.leafUITests;
				PRODUCT_NAME = "$(TARGET_NAME)";
				SWIFT_VERSION = 4.0;
				TARGETED_DEVICE_FAMILY = "1,2";
				TEST_TARGET_NAME = leaf;
			};
			name = Release;
		};
/* End XCBuildConfiguration section */

/* Begin XCConfigurationList section */
		D3CF6B19202A0C14009F0CE2 /* Build configuration list for PBXProject "leaf" */ = {
			isa = XCConfigurationList;
			buildConfigurations = (
				D3CF6B44202A0C15009F0CE2 /* Debug */,
				D3CF6B45202A0C15009F0CE2 /* Release */,
			);
			defaultConfigurationIsVisible = 0;
			defaultConfigurationName = Release;
		};
		D3CF6B46202A0C15009F0CE2 /* Build configuration list for PBXNativeTarget "Leaf" */ = {
			isa = XCConfigurationList;
			buildConfigurations = (
				D3CF6B47202A0C15009F0CE2 /* Debug */,
				D3CF6B48202A0C15009F0CE2 /* Release */,
			);
			defaultConfigurationIsVisible = 0;
			defaultConfigurationName = Release;
		};
		D3CF6B49202A0C15009F0CE2 /* Build configuration list for PBXNativeTarget "leafTests" */ = {
			isa = XCConfigurationList;
			buildConfigurations = (
				D3CF6B4A202A0C15009F0CE2 /* Debug */,
				D3CF6B4B202A0C15009F0CE2 /* Release */,
			);
			defaultConfigurationIsVisible = 0;
			defaultConfigurationName = Release;
		};
		D3CF6B4C202A0C15009F0CE2 /* Build configuration list for PBXNativeTarget "leafUITests" */ = {
			isa = XCConfigurationList;
			buildConfigurations = (
				D3CF6B4D202A0C15009F0CE2 /* Debug */,
				D3CF6B4E202A0C15009F0CE2 /* Release */,
			);
			defaultConfigurationIsVisible = 0;
			defaultConfigurationName = Release;
		};
/* End XCConfigurationList section */
	};
	rootObject = D3CF6B16202A0C14009F0CE2 /* Project object */;
}
